<?xml version="1.0" encoding="utf-8"?>
<Project ToolsVersion="4.0" xmlns="http://schemas.microsoft.com/developer/msbuild/2003">
  <ItemGroup>
    <ClCompile Include="DXEngine.cpp" />
    <ClCompile Include="shLobbyScene.cpp">
      <Filter>Contents\Scene</Filter>
    </ClCompile>
    <ClCompile Include="shTitleScene.cpp">
      <Filter>Contents\Scene</Filter>
    </ClCompile>
    <ClCompile Include="shCamera.cpp">
      <Filter>Contents\Prefabs\Camera</Filter>
    </ClCompile>
    <ClCompile Include="shBigColumn.cpp">
      <Filter>Contents\Prefabs\Structures</Filter>
    </ClCompile>
    <ClCompile Include="shSmallColumn.cpp">
      <Filter>Contents\Prefabs\Structures</Filter>
    </ClCompile>
    <ClCompile Include="shMenuScene.cpp">
      <Filter>Contents\Scene</Filter>
    </ClCompile>
    <ClCompile Include="shDungeonScene.cpp">
      <Filter>Contents\Scene</Filter>
    </ClCompile>
    <ClCompile Include="shDungeonLobby.cpp">
      <Filter>Contents\Prefabs\BackGrounds\DungeonScene%27s</Filter>
    </ClCompile>
    <ClCompile Include="shPlayerController.cpp">
      <Filter>Contents\Script</Filter>
    </ClCompile>
    <ClCompile Include="shPlayer.cpp">
      <Filter>Contents\Prefabs\Player</Filter>
    </ClCompile>
    <ClCompile Include="shFloors.cpp">
      <Filter>Contents\Prefabs\BackGrounds\LobbyScene%27s</Filter>
    </ClCompile>
    <ClCompile Include="shLobbyColumns.cpp">
      <Filter>Contents\Prefabs\BackGrounds\LobbyScene%27s</Filter>
    </ClCompile>
    <ClCompile Include="shD_Floors.cpp">
      <Filter>Contents\Prefabs\BackGrounds\DungeonScene%27s</Filter>
    </ClCompile>
    <ClCompile Include="shGhostBoxes.cpp">
      <Filter>Contents\Prefabs\BackGrounds\DungeonScene%27s</Filter>
    </ClCompile>
    <ClCompile Include="shGhostBox.cpp">
      <Filter>Contents\Prefabs\Structures</Filter>
    </ClCompile>
    <ClCompile Include="shGhostBox2.cpp">
      <Filter>Contents\Prefabs\Structures</Filter>
    </ClCompile>
    <ClCompile Include="shRock.cpp">
      <Filter>Contents\Prefabs\Structures</Filter>
    </ClCompile>
    <ClCompile Include="shStoneLoads.cpp">
      <Filter>Contents\Prefabs\BackGrounds\DungeonScene%27s</Filter>
    </ClCompile>
    <ClCompile Include="shDungeonColumns.cpp">
      <Filter>Contents\Prefabs\BackGrounds\DungeonScene%27s</Filter>
    </ClCompile>
    <ClCompile Include="shLightingLogo.cpp">
      <Filter>Contents\Prefabs\Structures</Filter>
    </ClCompile>
    <ClCompile Include="shStoneLoad.cpp">
      <Filter>Contents\Prefabs\Structures</Filter>
    </ClCompile>
  </ItemGroup>
  <ItemGroup>
    <ClInclude Include="framework.h" />
    <ClInclude Include="shLobbyScene.h">
      <Filter>Contents\Scene</Filter>
    </ClInclude>
    <ClInclude Include="LoadScenes.h">
      <Filter>Contents\Load</Filter>
    </ClInclude>
    <ClInclude Include="shTitleScene.h">
      <Filter>Contents\Scene</Filter>
    </ClInclude>
    <ClInclude Include="shCamera.h">
      <Filter>Contents\Prefabs\Camera</Filter>
    </ClInclude>
    <ClInclude Include="shBigColumn.h">
      <Filter>Contents\Prefabs\Structures</Filter>
    </ClInclude>
    <ClInclude Include="shSmallColumn.h">
      <Filter>Contents\Prefabs\Structures</Filter>
    </ClInclude>
    <ClInclude Include="shMenuScene.h">
      <Filter>Contents\Scene</Filter>
    </ClInclude>
    <ClInclude Include="shDungeonScene.h">
      <Filter>Contents\Scene</Filter>
    </ClInclude>
    <ClInclude Include="shDungeonLobby.h">
      <Filter>Contents\Prefabs\BackGrounds\DungeonScene%27s</Filter>
    </ClInclude>
    <ClInclude Include="shPlayerController.h">
      <Filter>Contents\Script</Filter>
    </ClInclude>
    <ClInclude Include="shPlayer.h">
      <Filter>Contents\Prefabs\Player</Filter>
    </ClInclude>
    <ClInclude Include="shFloors.h">
      <Filter>Contents\Prefabs\BackGrounds\LobbyScene%27s</Filter>
    </ClInclude>
    <ClInclude Include="shLobbyColumns.h">
      <Filter>Contents\Prefabs\BackGrounds\LobbyScene%27s</Filter>
    </ClInclude>
    <ClInclude Include="shD_Floors.h">
      <Filter>Contents\Prefabs\BackGrounds\DungeonScene%27s</Filter>
    </ClInclude>
    <ClInclude Include="shGhostBoxes.h">
      <Filter>Contents\Prefabs\BackGrounds\DungeonScene%27s</Filter>
    </ClInclude>
    <ClInclude Include="shGhostBox2.h">
      <Filter>Contents\Prefabs\Structures</Filter>
    </ClInclude>
    <ClInclude Include="shGhostBox.h">
      <Filter>Contents\Prefabs\Structures</Filter>
    </ClInclude>
    <ClInclude Include="shRock.h">
      <Filter>Contents\Prefabs\Structures</Filter>
    </ClInclude>
    <ClInclude Include="shStoneLoads.h">
      <Filter>Contents\Prefabs\BackGrounds\DungeonScene%27s</Filter>
    </ClInclude>
    <ClInclude Include="shDungeonColumns.h">
      <Filter>Contents\Prefabs\BackGrounds\DungeonScene%27s</Filter>
    </ClInclude>
    <ClInclude Include="shLightingLogo.h">
      <Filter>Contents\Prefabs\Structures</Filter>
    </ClInclude>
    <ClInclude Include="shStoneLoad.h">
      <Filter>Contents\Prefabs\Structures</Filter>
    </ClInclude>
  </ItemGroup>
  <ItemGroup>
    <Filter Include="Contents">
      <UniqueIdentifier>{ed010504-6671-4ca5-864f-b9f58051cb28}</UniqueIdentifier>
    </Filter>
    <Filter Include="Contents\Load">
      <UniqueIdentifier>{2cfadb9c-f8c6-41fd-9846-5e6bd4b50b79}</UniqueIdentifier>
    </Filter>
    <Filter Include="Contents\Scene">
      <UniqueIdentifier>{d0a60e39-82c2-4819-9931-93e5a2d9e021}</UniqueIdentifier>
    </Filter>
    <Filter Include="Contents\Script">
      <UniqueIdentifier>{02a6d4b6-df18-4b04-b5c4-bf97bbaba9ec}</UniqueIdentifier>
    </Filter>
    <Filter Include="Contents\Prefabs">
      <UniqueIdentifier>{11f35771-3187-4a36-bf5a-4ff80e77fc52}</UniqueIdentifier>
    </Filter>
    <Filter Include="Contents\Prefabs\Player">
      <UniqueIdentifier>{fc6d448e-4c29-4b88-a0a0-7407a74589d2}</UniqueIdentifier>
    </Filter>
    <Filter Include="Contents\Prefabs\BackGrounds">
      <UniqueIdentifier>{7011ff05-13fb-49aa-8165-d0f36fc79305}</UniqueIdentifier>
    </Filter>
    <Filter Include="Contents\Prefabs\Camera">
      <UniqueIdentifier>{83373cff-ecbc-4e2b-bb00-9b5205b33cdb}</UniqueIdentifier>
    </Filter>
    <Filter Include="Contents\Prefabs\Structures">
      <UniqueIdentifier>{6728fd76-2c9e-4626-a344-ce4907e73a20}</UniqueIdentifier>
    </Filter>
    <Filter Include="Contents\Prefabs\BackGrounds\LobbyScene%27s">
      <UniqueIdentifier>{3834f80f-fe1f-423c-9c70-570a16ecfdde}</UniqueIdentifier>
    </Filter>
    <Filter Include="Contents\Prefabs\BackGrounds\DungeonScene%27s">
      <UniqueIdentifier>{d7ce62c4-9051-4894-bd30-9e07f088f411}</UniqueIdentifier>
    </Filter>
  </ItemGroup>
</Project>